
Microsoft Visual Studio Solution File, Format Version 12.00
# Visual Studio 15
Project("{FAE04EC0-301F-11D3-BF4B-00C04F79EFBC}") = "Assembly-CSharp", "Assembly-CSharp.csproj", "{93C43893-5226-DB74-BE86-381FE34A09EA}"
EndProject
Project("{FAE04EC0-301F-11D3-BF4B-00C04F79EFBC}") = "Unity.XR.Interaction.Toolkit.Samples.StarterAssets", "Unity.XR.Interaction.Toolkit.Samples.StarterAssets.csproj", "{B82C3B61-0DD5-2D5C-A065-A3B86552B80C}"
EndProject
Global
	GlobalSection(SolutionConfigurationPlatforms) = preSolution
		Debug|Any CPU = Debug|Any CPU
		Release|Any CPU = Release|Any CPU
	EndGlobalSection
	GlobalSection(ProjectConfigurationPlatforms) = postSolution
		{93C43893-5226-DB74-BE86-381FE34A09EA}.Debug|Any CPU.ActiveCfg = Debug|Any CPU
		{93C43893-5226-DB74-BE86-381FE34A09EA}.Debug|Any CPU.Build.0 = Debug|Any CPU
		{93C43893-5226-DB74-BE86-381FE34A09EA}.Release|Any CPU.ActiveCfg = Release|Any CPU
		{93C43893-5226-DB74-BE86-381FE34A09EA}.Release|Any CPU.Build.0 = Release|Any CPU
		{B82C3B61-0DD5-2D5C-A065-A3B86552B80C}.Debug|Any CPU.ActiveCfg = Debug|Any CPU
		{B82C3B61-0DD5-2D5C-A065-A3B86552B80C}.Debug|Any CPU.Build.0 = Debug|Any CPU
		{B82C3B61-0DD5-2D5C-A065-A3B86552B80C}.Release|Any CPU.ActiveCfg = Release|Any CPU
		{B82C3B61-0DD5-2D5C-A065-A3B86552B80C}.Release|Any CPU.Build.0 = Release|Any CPU
	EndGlobalSection
	GlobalSection(SolutionProperties) = preSolution
		HideSolutionNode = FALSE
	EndGlobalSection
EndGlobal
